
Microsoft Visual Studio Solution File, Format Version 12.00
# Visual Studio 15
VisualStudioVersion = 15.0.28010.2036
MinimumVisualStudioVersion = 10.0.40219.1
Project("{888888A0-9F3D-457C-B088-3A5042F75D52}") = "serverSum", "serverSum\serverSum.pyproj", "{EB7A8CDF-7154-40DB-801C-E56736E0992F}"
EndProject
Global
	GlobalSection(SolutionConfigurationPlatforms) = preSolution
		Debug|Any CPU = Debug|Any CPU
		Release|Any CPU = Release|Any CPU
	EndGlobalSection
	GlobalSection(ProjectConfigurationPlatforms) = postSolution
		{EB7A8CDF-7154-40DB-801C-E56736E0992F}.Debug|Any CPU.ActiveCfg = Debug|Any CPU
		{EB7A8CDF-7154-40DB-801C-E56736E0992F}.Release|Any CPU.ActiveCfg = Release|Any CPU
	EndGlobalSection
	GlobalSection(SolutionProperties) = preSolution
		HideSolutionNode = FALSE
	EndGlobalSection
	GlobalSection(ExtensibilityGlobals) = postSolution
		SolutionGuid = {DE552D90-5633-4C9D-97DB-D9A514BEBA45}
	EndGlobalSection
EndGlobal
